
Microsoft Visual Studio Solution File, Format Version 12.00
# Visual Studio Version 17
VisualStudioVersion = 17.6.33723.286
MinimumVisualStudioVersion = 10.0.40219.1
Project("{FAE04EC0-301F-11D3-BF4B-00C04F79EFBC}") = "ExtensionMethod", "ExtensionMethod.csproj", "{2B3A05E0-DC85-49E1-8B9C-1D130AB1722B}"
EndProject
Global
	GlobalSection(SolutionConfigurationPlatforms) = preSolution
		Debug|Any CPU = Debug|Any CPU
		Release|Any CPU = Release|Any CPU
	EndGlobalSection
	GlobalSection(ProjectConfigurationPlatforms) = postSolution
		{2B3A05E0-DC85-49E1-8B9C-1D130AB1722B}.Debug|Any CPU.ActiveCfg = Debug|Any CPU
		{2B3A05E0-DC85-49E1-8B9C-1D130AB1722B}.Debug|Any CPU.Build.0 = Debug|Any CPU
		{2B3A05E0-DC85-49E1-8B9C-1D130AB1722B}.Release|Any CPU.ActiveCfg = Release|Any CPU
		{2B3A05E0-DC85-49E1-8B9C-1D130AB1722B}.Release|Any CPU.Build.0 = Release|Any CPU
	EndGlobalSection
	GlobalSection(SolutionProperties) = preSolution
		HideSolutionNode = FALSE
	EndGlobalSection
	GlobalSection(ExtensibilityGlobals) = postSolution
		SolutionGuid = {A525A510-A732-448C-B223-9EAF89E92E3F}
	EndGlobalSection
EndGlobal
