
Microsoft Visual Studio Solution File, Format Version 12.00
# Visual Studio Version 17
VisualStudioVersion = 17.6.33723.286
MinimumVisualStudioVersion = 10.0.40219.1
Project("{9A19103F-16F7-4668-BE54-9A1E7A4F7556}") = "EmployeeApplication.Model", "EmployeeApplication.Model.csproj", "{B52997DF-181E-4206-8DBF-0706B793B680}"
EndProject
Project("{9A19103F-16F7-4668-BE54-9A1E7A4F7556}") = "EmployeeApplication.Repository", "..\EmployeeApplication.Repository\EmployeeApplication.Repository.csproj", "{AC064C01-E5BD-45FE-BCBE-70E7706636A6}"
EndProject
Project("{9A19103F-16F7-4668-BE54-9A1E7A4F7556}") = "EmployeeApplication.API", "..\EmployeeApplication.API\EmployeeApplication.API.csproj", "{7E44E0FE-4214-4DC7-8EF2-D682BC487166}"
EndProject
Global
	GlobalSection(SolutionConfigurationPlatforms) = preSolution
		Debug|Any CPU = Debug|Any CPU
		Release|Any CPU = Release|Any CPU
	EndGlobalSection
	GlobalSection(ProjectConfigurationPlatforms) = postSolution
		{B52997DF-181E-4206-8DBF-0706B793B680}.Debug|Any CPU.ActiveCfg = Debug|Any CPU
		{B52997DF-181E-4206-8DBF-0706B793B680}.Debug|Any CPU.Build.0 = Debug|Any CPU
		{B52997DF-181E-4206-8DBF-0706B793B680}.Release|Any CPU.ActiveCfg = Release|Any CPU
		{B52997DF-181E-4206-8DBF-0706B793B680}.Release|Any CPU.Build.0 = Release|Any CPU
		{AC064C01-E5BD-45FE-BCBE-70E7706636A6}.Debug|Any CPU.ActiveCfg = Debug|Any CPU
		{AC064C01-E5BD-45FE-BCBE-70E7706636A6}.Debug|Any CPU.Build.0 = Debug|Any CPU
		{AC064C01-E5BD-45FE-BCBE-70E7706636A6}.Release|Any CPU.ActiveCfg = Release|Any CPU
		{AC064C01-E5BD-45FE-BCBE-70E7706636A6}.Release|Any CPU.Build.0 = Release|Any CPU
		{7E44E0FE-4214-4DC7-8EF2-D682BC487166}.Debug|Any CPU.ActiveCfg = Debug|Any CPU
		{7E44E0FE-4214-4DC7-8EF2-D682BC487166}.Debug|Any CPU.Build.0 = Debug|Any CPU
		{7E44E0FE-4214-4DC7-8EF2-D682BC487166}.Release|Any CPU.ActiveCfg = Release|Any CPU
		{7E44E0FE-4214-4DC7-8EF2-D682BC487166}.Release|Any CPU.Build.0 = Release|Any CPU
	EndGlobalSection
	GlobalSection(SolutionProperties) = preSolution
		HideSolutionNode = FALSE
	EndGlobalSection
	GlobalSection(ExtensibilityGlobals) = postSolution
		SolutionGuid = {EA02A761-3D46-4323-9A8A-E618B4A0C44F}
	EndGlobalSection
EndGlobal
