
Microsoft Visual Studio Solution File, Format Version 12.00
# Visual Studio Version 17
VisualStudioVersion = 17.6.33723.286
MinimumVisualStudioVersion = 10.0.40219.1
Project("{FAE04EC0-301F-11D3-BF4B-00C04F79EFBC}") = "EmployeeApplication.Model", "EmployeeApplication.Model.csproj", "{B52997DF-181E-4206-8DBF-0706B793B680}"
EndProject
Global
	GlobalSection(SolutionConfigurationPlatforms) = preSolution
		Debug|Any CPU = Debug|Any CPU
		Release|Any CPU = Release|Any CPU
	EndGlobalSection
	GlobalSection(ProjectConfigurationPlatforms) = postSolution
		{B52997DF-181E-4206-8DBF-0706B793B680}.Debug|Any CPU.ActiveCfg = Debug|Any CPU
		{B52997DF-181E-4206-8DBF-0706B793B680}.Debug|Any CPU.Build.0 = Debug|Any CPU
		{B52997DF-181E-4206-8DBF-0706B793B680}.Release|Any CPU.ActiveCfg = Release|Any CPU
		{B52997DF-181E-4206-8DBF-0706B793B680}.Release|Any CPU.Build.0 = Release|Any CPU
	EndGlobalSection
	GlobalSection(SolutionProperties) = preSolution
		HideSolutionNode = FALSE
	EndGlobalSection
	GlobalSection(ExtensibilityGlobals) = postSolution
		SolutionGuid = {EA02A761-3D46-4323-9A8A-E618B4A0C44F}
	EndGlobalSection
EndGlobal
