
Microsoft Visual Studio Solution File, Format Version 12.00
# Visual Studio Version 17
VisualStudioVersion = 17.6.33723.286
MinimumVisualStudioVersion = 10.0.40219.1
Project("{FAE04EC0-301F-11D3-BF4B-00C04F79EFBC}") = "Employee1", "Employee1\Employee1.csproj", "{F40D2950-3706-4BF0-A807-ABB329515E01}"
EndProject
Global
	GlobalSection(SolutionConfigurationPlatforms) = preSolution
		Debug|Any CPU = Debug|Any CPU
		Release|Any CPU = Release|Any CPU
	EndGlobalSection
	GlobalSection(ProjectConfigurationPlatforms) = postSolution
		{F40D2950-3706-4BF0-A807-ABB329515E01}.Debug|Any CPU.ActiveCfg = Debug|Any CPU
		{F40D2950-3706-4BF0-A807-ABB329515E01}.Debug|Any CPU.Build.0 = Debug|Any CPU
		{F40D2950-3706-4BF0-A807-ABB329515E01}.Release|Any CPU.ActiveCfg = Release|Any CPU
		{F40D2950-3706-4BF0-A807-ABB329515E01}.Release|Any CPU.Build.0 = Release|Any CPU
	EndGlobalSection
	GlobalSection(SolutionProperties) = preSolution
		HideSolutionNode = FALSE
	EndGlobalSection
	GlobalSection(ExtensibilityGlobals) = postSolution
		SolutionGuid = {F71E7162-2F4E-401E-8C10-FF7D450B10FC}
	EndGlobalSection
EndGlobal
