
Microsoft Visual Studio Solution File, Format Version 12.00
# Visual Studio Version 17
VisualStudioVersion = 17.6.33723.286
MinimumVisualStudioVersion = 10.0.40219.1
Project("{9A19103F-16F7-4668-BE54-9A1E7A4F7556}") = "Employee", "Employee\Employee.csproj", "{3038ED95-524F-4E1F-8A00-927675A5E33B}"
EndProject
Project("{9A19103F-16F7-4668-BE54-9A1E7A4F7556}") = "EmployeeModel", "..\Employee.Model\Employee.Model\EmployeeModel.csproj", "{9BB5CA7D-D463-4C60-B855-FA305597F941}"
EndProject
Global
	GlobalSection(SolutionConfigurationPlatforms) = preSolution
		Debug|Any CPU = Debug|Any CPU
		Release|Any CPU = Release|Any CPU
	EndGlobalSection
	GlobalSection(ProjectConfigurationPlatforms) = postSolution
		{3038ED95-524F-4E1F-8A00-927675A5E33B}.Debug|Any CPU.ActiveCfg = Debug|Any CPU
		{3038ED95-524F-4E1F-8A00-927675A5E33B}.Debug|Any CPU.Build.0 = Debug|Any CPU
		{3038ED95-524F-4E1F-8A00-927675A5E33B}.Release|Any CPU.ActiveCfg = Release|Any CPU
		{3038ED95-524F-4E1F-8A00-927675A5E33B}.Release|Any CPU.Build.0 = Release|Any CPU
		{9BB5CA7D-D463-4C60-B855-FA305597F941}.Debug|Any CPU.ActiveCfg = Debug|Any CPU
		{9BB5CA7D-D463-4C60-B855-FA305597F941}.Debug|Any CPU.Build.0 = Debug|Any CPU
		{9BB5CA7D-D463-4C60-B855-FA305597F941}.Release|Any CPU.ActiveCfg = Release|Any CPU
		{9BB5CA7D-D463-4C60-B855-FA305597F941}.Release|Any CPU.Build.0 = Release|Any CPU
	EndGlobalSection
	GlobalSection(SolutionProperties) = preSolution
		HideSolutionNode = FALSE
	EndGlobalSection
	GlobalSection(ExtensibilityGlobals) = postSolution
		SolutionGuid = {0CA9381B-0BEB-4484-949B-6FF433F0903E}
	EndGlobalSection
EndGlobal
